
Microsoft Visual Studio Solution File, Format Version 12.00
# Visual Studio Version 17
VisualStudioVersion = 17.14.36717.8
MinimumVisualStudioVersion = 10.0.40219.1
Project("{FAE04EC0-301F-11D3-BF4B-00C04F79EFBC}") = "Restaurant", "Restaurant.csproj", "{4D970142-069C-42AB-AB48-8756C4EDF2BE}"
EndProject
Project("{FAE04EC0-301F-11D3-BF4B-00C04F79EFBC}") = "Business", "..\BusinessLayer\Business.csproj", "{D469A2E6-9355-4BB0-A7C1-E2459299DF87}"
EndProject
Project("{FAE04EC0-301F-11D3-BF4B-00C04F79EFBC}") = "RestaurantDataAccess", "..\RestaurantDataAccessLayer\RestaurantDataAccess.csproj", "{0B6CB737-3EBB-47BB-8218-B34C89D0120F}"
EndProject
Global
	GlobalSection(SolutionConfigurationPlatforms) = preSolution
		Debug|Any CPU = Debug|Any CPU
		Release|Any CPU = Release|Any CPU
	EndGlobalSection
	GlobalSection(ProjectConfigurationPlatforms) = postSolution
		{4D970142-069C-42AB-AB48-8756C4EDF2BE}.Debug|Any CPU.ActiveCfg = Debug|Any CPU
		{4D970142-069C-42AB-AB48-8756C4EDF2BE}.Debug|Any CPU.Build.0 = Debug|Any CPU
		{4D970142-069C-42AB-AB48-8756C4EDF2BE}.Release|Any CPU.ActiveCfg = Release|Any CPU
		{4D970142-069C-42AB-AB48-8756C4EDF2BE}.Release|Any CPU.Build.0 = Release|Any CPU
		{D469A2E6-9355-4BB0-A7C1-E2459299DF87}.Debug|Any CPU.ActiveCfg = Debug|Any CPU
		{D469A2E6-9355-4BB0-A7C1-E2459299DF87}.Debug|Any CPU.Build.0 = Debug|Any CPU
		{D469A2E6-9355-4BB0-A7C1-E2459299DF87}.Release|Any CPU.ActiveCfg = Release|Any CPU
		{D469A2E6-9355-4BB0-A7C1-E2459299DF87}.Release|Any CPU.Build.0 = Release|Any CPU
		{0B6CB737-3EBB-47BB-8218-B34C89D0120F}.Debug|Any CPU.ActiveCfg = Debug|Any CPU
		{0B6CB737-3EBB-47BB-8218-B34C89D0120F}.Debug|Any CPU.Build.0 = Debug|Any CPU
		{0B6CB737-3EBB-47BB-8218-B34C89D0120F}.Release|Any CPU.ActiveCfg = Release|Any CPU
		{0B6CB737-3EBB-47BB-8218-B34C89D0120F}.Release|Any CPU.Build.0 = Release|Any CPU
	EndGlobalSection
	GlobalSection(SolutionProperties) = preSolution
		HideSolutionNode = FALSE
	EndGlobalSection
	GlobalSection(ExtensibilityGlobals) = postSolution
		SolutionGuid = {982C159E-6C4D-4D21-8EA3-00D8C4663A42}
	EndGlobalSection
EndGlobal
